// !$*UTF8*$!
{
	archiveVersion = 1;
	classes = {
	};
	objectVersion = 50;
	objects = {

/* Begin PBXBuildFile section */
		F4CFE2FF245EBAB100026677 /* AppDelegate.swift in Sources */ = {isa = PBXBuildFile; fileRef = F4CFE2FE245EBAB100026677 /* AppDelegate.swift */; };
		F4CFE301245EBAB100026677 /* SceneDelegate.swift in Sources */ = {isa = PBXBuildFile; fileRef = F4CFE300245EBAB100026677 /* SceneDelegate.swift */; };
		F4CFE303245EBAB100026677 /* ViewController.swift in Sources */ = {isa = PBXBuildFile; fileRef = F4CFE302245EBAB100026677 /* ViewController.swift */; };
		F4CFE306245EBAB100026677 /* Main.storyboard in Resources */ = {isa = PBXBuildFile; fileRef = F4CFE304245EBAB100026677 /* Main.storyboard */; };
		F4CFE308245EBAB500026677 /* Assets.xcassets in Resources */ = {isa = PBXBuildFile; fileRef = F4CFE307245EBAB500026677 /* Assets.xcassets */; };
		F4CFE30B245EBAB500026677 /* LaunchScreen.storyboard in Resources */ = {isa = PBXBuildFile; fileRef = F4CFE309245EBAB500026677 /* LaunchScreen.storyboard */; };
		F4CFE316245EBAB500026677 /* Apple_PieTests.swift in Sources */ = {isa = PBXBuildFile; fileRef = F4CFE315245EBAB500026677 /* Apple_PieTests.swift */; };
		F4CFE321245EBAB500026677 /* Apple_PieUITests.swift in Sources */ = {isa = PBXBuildFile; fileRef = F4CFE320245EBAB500026677 /* Apple_PieUITests.swift */; };
		F4CFE33F245ECA5C00026677 /* Game.swift in Sources */ = {isa = PBXBuildFile; fileRef = F4CFE33E245ECA5B00026677 /* Game.swift */; };
/* End PBXBuildFile section */

/* Begin PBXContainerItemProxy section */
		F4CFE312245EBAB500026677 /* PBXContainerItemProxy */ = {
			isa = PBXContainerItemProxy;
			containerPortal = F4CFE2F3245EBAB100026677 /* Project object */;
			proxyType = 1;
			remoteGlobalIDString = F4CFE2FA245EBAB100026677;
			remoteInfo = "Apple Pie";
		};
		F4CFE31D245EBAB500026677 /* PBXContainerItemProxy */ = {
			isa = PBXContainerItemProxy;
			containerPortal = F4CFE2F3245EBAB100026677 /* Project object */;
			proxyType = 1;
			remoteGlobalIDString = F4CFE2FA245EBAB100026677;
			remoteInfo = "Apple Pie";
		};
/* End PBXContainerItemProxy section */

/* Begin PBXFileReference section */
		F4CFE2FB245EBAB100026677 /* Apple Pie.app */ = {isa = PBXFileReference; explicitFileType = wrapper.application; includeInIndex = 0; path = "Apple Pie.app"; sourceTree = BUILT_PRODUCTS_DIR; };
		F4CFE2FE245EBAB100026677 /* AppDelegate.swift */ = {isa = PBXFileReference; lastKnownFileType = sourcecode.swift; path = AppDelegate.swift; sourceTree = "<group>"; };
		F4CFE300245EBAB100026677 /* SceneDelegate.swift */ = {isa = PBXFileReference; lastKnownFileType = sourcecode.swift; path = SceneDelegate.swift; sourceTree = "<group>"; };
		F4CFE302245EBAB100026677 /* ViewController.swift */ = {isa = PBXFileReference; lastKnownFileType = sourcecode.swift; path = ViewController.swift; sourceTree = "<group>"; };
		F4CFE305245EBAB100026677 /* Base */ = {isa = PBXFileReference; lastKnownFileType = file.storyboard; name = Base; path = Base.lproj/Main.storyboard; sourceTree = "<group>"; };
		F4CFE307245EBAB500026677 /* Assets.xcassets */ = {isa = PBXFileReference; lastKnownFileType = folder.assetcatalog; path = Assets.xcassets; sourceTree = "<group>"; };
		F4CFE30A245EBAB500026677 /* Base */ = {isa = PBXFileReference; lastKnownFileType = file.storyboard; name = Base; path = Base.lproj/LaunchScreen.storyboard; sourceTree = "<group>"; };
		F4CFE30C245EBAB500026677 /* Info.plist */ = {isa = PBXFileReference; lastKnownFileType = text.plist.xml; path = Info.plist; sourceTree = "<group>"; };
		F4CFE311245EBAB500026677 /* Apple PieTests.xctest */ = {isa = PBXFileReference; explicitFileType = wrapper.cfbundle; includeInIndex = 0; path = "Apple PieTests.xctest"; sourceTree = BUILT_PRODUCTS_DIR; };
		F4CFE315245EBAB500026677 /* Apple_PieTests.swift */ = {isa = PBXFileReference; lastKnownFileType = sourcecode.swift; path = Apple_PieTests.swift; sourceTree = "<group>"; };
		F4CFE317245EBAB500026677 /* Info.plist */ = {isa = PBXFileReference; lastKnownFileType = text.plist.xml; path = Info.plist; sourceTree = "<group>"; };
		F4CFE31C245EBAB500026677 /* Apple PieUITests.xctest */ = {isa = PBXFileReference; explicitFileType = wrapper.cfbundle; includeInIndex = 0; path = "Apple PieUITests.xctest"; sourceTree = BUILT_PRODUCTS_DIR; };
		F4CFE320245EBAB500026677 /* Apple_PieUITests.swift */ = {isa = PBXFileReference; lastKnownFileType = sourcecode.swift; path = Apple_PieUITests.swift; sourceTree = "<group>"; };
		F4CFE322245EBAB500026677 /* Info.plist */ = {isa = PBXFileReference; lastKnownFileType = text.plist.xml; path = Info.plist; sourceTree = "<group>"; };
		F4CFE33E245ECA5B00026677 /* Game.swift */ = {isa = PBXFileReference; lastKnownFileType = sourcecode.swift; path = Game.swift; sourceTree = "<group>"; };
/* End PBXFileReference section */

/* Begin PBXFrameworksBuildPhase section */
		F4CFE2F8245EBAB100026677 /* Frameworks */ = {
			isa = PBXFrameworksBuildPhase;
			buildActionMask = 2147483647;
			files = (
			);
			runOnlyForDeploymentPostprocessing = 0;
		};
		F4CFE30E245EBAB500026677 /* Frameworks */ = {
			isa = PBXFrameworksBuildPhase;
			buildActionMask = 2147483647;
			files = (
			);
			runOnlyForDeploymentPostprocessing = 0;
		};
		F4CFE319245EBAB500026677 /* Frameworks */ = {
			isa = PBXFrameworksBuildPhase;
			buildActionMask = 2147483647;
			files = (
			);
			runOnlyForDeploymentPostprocessing = 0;
		};
/* End PBXFrameworksBuildPhase section */

/* Begin PBXGroup section */
		F4CFE2F2245EBAB100026677 = {
			isa = PBXGroup;
			children = (
				F4CFE2FD245EBAB100026677 /* Apple Pie */,
				F4CFE314245EBAB500026677 /* Apple PieTests */,
				F4CFE31F245EBAB500026677 /* Apple PieUITests */,
				F4CFE2FC245EBAB100026677 /* Products */,
			);
			sourceTree = "<group>";
		};
		F4CFE2FC245EBAB100026677 /* Products */ = {
			isa = PBXGroup;
			children = (
				F4CFE2FB245EBAB100026677 /* Apple Pie.app */,
				F4CFE311245EBAB500026677 /* Apple PieTests.xctest */,
				F4CFE31C245EBAB500026677 /* Apple PieUITests.xctest */,
			);
			name = Products;
			sourceTree = "<group>";
		};
		F4CFE2FD245EBAB100026677 /* Apple Pie */ = {
			isa = PBXGroup;
			children = (
				F4CFE2FE245EBAB100026677 /* AppDelegate.swift */,
				F4CFE300245EBAB100026677 /* SceneDelegate.swift */,
				F4CFE302245EBAB100026677 /* ViewController.swift */,
				F4CFE304245EBAB100026677 /* Main.storyboard */,
				F4CFE33E245ECA5B00026677 /* Game.swift */,
				F4CFE307245EBAB500026677 /* Assets.xcassets */,
				F4CFE309245EBAB500026677 /* LaunchScreen.storyboard */,
				F4CFE30C245EBAB500026677 /* Info.plist */,
			);
			path = "Apple Pie";
			sourceTree = "<group>";
		};
		F4CFE314245EBAB500026677 /* Apple PieTests */ = {
			isa = PBXGroup;
			children = (
				F4CFE315245EBAB500026677 /* Apple_PieTests.swift */,
				F4CFE317245EBAB500026677 /* Info.plist */,
			);
			path = "Apple PieTests";
			sourceTree = "<group>";
		};
		F4CFE31F245EBAB500026677 /* Apple PieUITests */ = {
			isa = PBXGroup;
			children = (
				F4CFE320245EBAB500026677 /* Apple_PieUITests.swift */,
				F4CFE322245EBAB500026677 /* Info.plist */,
			);
			path = "Apple PieUITests";
			sourceTree = "<group>";
		};
/* End PBXGroup section */

/* Begin PBXNativeTarget section */
		F4CFE2FA245EBAB100026677 /* Apple Pie */ = {
			isa = PBXNativeTarget;
			buildConfigurationList = F4CFE325245EBAB500026677 /* Build configuration list for PBXNativeTarget "Apple Pie" */;
			buildPhases = (
				F4CFE2F7245EBAB100026677 /* Sources */,
				F4CFE2F8245EBAB100026677 /* Frameworks */,
				F4CFE2F9245EBAB100026677 /* Resources */,
			);
			buildRules = (
			);
			dependencies = (
			);
			name = "Apple Pie";
			productName = "Apple Pie";
			productReference = F4CFE2FB245EBAB100026677 /* Apple Pie.app */;
			productType = "com.apple.product-type.application";
		};
		F4CFE310245EBAB500026677 /* Apple PieTests */ = {
			isa = PBXNativeTarget;
			buildConfigurationList = F4CFE328245EBAB500026677 /* Build configuration list for PBXNativeTarget "Apple PieTests" */;
			buildPhases = (
				F4CFE30D245EBAB500026677 /* Sources */,
				F4CFE30E245EBAB500026677 /* Frameworks */,
				F4CFE30F245EBAB500026677 /* Resources */,
			);
			buildRules = (
			);
			dependencies = (
				F4CFE313245EBAB500026677 /* PBXTargetDependency */,
			);
			name = "Apple PieTests";
			productName = "Apple PieTests";
			productReference = F4CFE311245EBAB500026677 /* Apple PieTests.xctest */;
			productType = "com.apple.product-type.bundle.unit-test";
		};
		F4CFE31B245EBAB500026677 /* Apple PieUITests */ = {
			isa = PBXNativeTarget;
			buildConfigurationList = F4CFE32B245EBAB500026677 /* Build configuration list for PBXNativeTarget "Apple PieUITests" */;
			buildPhases = (
				F4CFE318245EBAB500026677 /* Sources */,
				F4CFE319245EBAB500026677 /* Frameworks */,
				F4CFE31A245EBAB500026677 /* Resources */,
			);
			buildRules = (
			);
			dependencies = (
				F4CFE31E245EBAB500026677 /* PBXTargetDependency */,
			);
			name = "Apple PieUITests";
			productName = "Apple PieUITests";
			productReference = F4CFE31C245EBAB500026677 /* Apple PieUITests.xctest */;
			productType = "com.apple.product-type.bundle.ui-testing";
		};
/* End PBXNativeTarget section */

/* Begin PBXProject section */
		F4CFE2F3245EBAB100026677 /* Project object */ = {
			isa = PBXProject;
			attributes = {
				LastSwiftUpdateCheck = 1130;
				LastUpgradeCheck = 1130;
				ORGANIZATIONNAME = "Vidisha Nevatia";
				TargetAttributes = {
					F4CFE2FA245EBAB100026677 = {
						CreatedOnToolsVersion = 11.3.1;
					};
					F4CFE310245EBAB500026677 = {
						CreatedOnToolsVersion = 11.3.1;
						TestTargetID = F4CFE2FA245EBAB100026677;
					};
					F4CFE31B245EBAB500026677 = {
						CreatedOnToolsVersion = 11.3.1;
						TestTargetID = F4CFE2FA245EBAB100026677;
					};
				};
			};
			buildConfigurationList = F4CFE2F6245EBAB100026677 /* Build configuration list for PBXProject "Apple Pie" */;
			compatibilityVersion = "Xcode 9.3";
			developmentRegion = en;
			hasScannedForEncodings = 0;
			knownRegions = (
				en,
				Base,
			);
			mainGroup = F4CFE2F2245EBAB100026677;
			productRefGroup = F4CFE2FC245EBAB100026677 /* Products */;
			projectDirPath = "";
			projectRoot = "";
			targets = (
				F4CFE2FA245EBAB100026677 /* Apple Pie */,
				F4CFE310245EBAB500026677 /* Apple PieTests */,
				F4CFE31B245EBAB500026677 /* Apple PieUITests */,
			);
		};
/* End PBXProject section */

/* Begin PBXResourcesBuildPhase section */
		F4CFE2F9245EBAB100026677 /* Resources */ = {
			isa = PBXResourcesBuildPhase;
			buildActionMask = 2147483647;
			files = (
				F4CFE30B245EBAB500026677 /* LaunchScreen.storyboard in Resources */,
				F4CFE308245EBAB500026677 /* Assets.xcassets in Resources */,
				F4CFE306245EBAB100026677 /* Main.storyboard in Resources */,
			);
			runOnlyForDeploymentPostprocessing = 0;
		};
		F4CFE30F245EBAB500026677 /* Resources */ = {
			isa = PBXResourcesBuildPhase;
			buildActionMask = 2147483647;
			files = (
			);
			runOnlyForDeploymentPostprocessing = 0;
		};
		F4CFE31A245EBAB500026677 /* Resources */ = {
			isa = PBXResourcesBuildPhase;
			buildActionMask = 2147483647;
			files = (
			);
			runOnlyForDeploymentPostprocessing = 0;
		};
/* End PBXResourcesBuildPhase section */

/* Begin PBXSourcesBuildPhase section */
		F4CFE2F7245EBAB100026677 /* Sources */ = {
			isa = PBXSourcesBuildPhase;
			buildActionMask = 2147483647;
			files = (
				F4CFE303245EBAB100026677 /* ViewController.swift in Sources */,
				F4CFE2FF245EBAB100026677 /* AppDelegate.swift in Sources */,
				F4CFE301245EBAB100026677 /* SceneDelegate.swift in Sources */,
				F4CFE33F245ECA5C00026677 /* Game.swift in Sources */,
			);
			runOnlyForDeploymentPostprocessing = 0;
		};
		F4CFE30D245EBAB500026677 /* Sources */ = {
			isa = PBXSourcesBuildPhase;
			buildActionMask = 2147483647;
			files = (
				F4CFE316245EBAB500026677 /* Apple_PieTests.swift in Sources */,
			);
			runOnlyForDeploymentPostprocessing = 0;
		};
		F4CFE318245EBAB500026677 /* Sources */ = {
			isa = PBXSourcesBuildPhase;
			buildActionMask = 2147483647;
			files = (
				F4CFE321245EBAB500026677 /* Apple_PieUITests.swift in Sources */,
			);
			runOnlyForDeploymentPostprocessing = 0;
		};
/* End PBXSourcesBuildPhase section */

/* Begin PBXTargetDependency section */
		F4CFE313245EBAB500026677 /* PBXTargetDependency */ = {
			isa = PBXTargetDependency;
			target = F4CFE2FA245EBAB100026677 /* Apple Pie */;
			targetProxy = F4CFE312245EBAB500026677 /* PBXContainerItemProxy */;
		};
		F4CFE31E245EBAB500026677 /* PBXTargetDependency */ = {
			isa = PBXTargetDependency;
			target = F4CFE2FA245EBAB100026677 /* Apple Pie */;
			targetProxy = F4CFE31D245EBAB500026677 /* PBXContainerItemProxy */;
		};
/* End PBXTargetDependency section */

/* Begin PBXVariantGroup section */
		F4CFE304245EBAB100026677 /* Main.storyboard */ = {
			isa = PBXVariantGroup;
			children = (
				F4CFE305245EBAB100026677 /* Base */,
			);
			name = Main.storyboard;
			sourceTree = "<group>";
		};
		F4CFE309245EBAB500026677 /* LaunchScreen.storyboard */ = {
			isa = PBXVariantGroup;
			children = (
				F4CFE30A245EBAB500026677 /* Base */,
			);
			name = LaunchScreen.storyboard;
			sourceTree = "<group>";
		};
/* End PBXVariantGroup section */

/* Begin XCBuildConfiguration section */
		F4CFE323245EBAB500026677 /* Debug */ = {
			isa = XCBuildConfiguration;
			buildSettings = {
				ALWAYS_SEARCH_USER_PATHS = NO;
				CLANG_ANALYZER_NONNULL = YES;
				CLANG_ANALYZER_NUMBER_OBJECT_CONVERSION = YES_AGGRESSIVE;
				CLANG_CXX_LANGUAGE_STANDARD = "gnu++14";
				CLANG_CXX_LIBRARY = "libc++";
				CLANG_ENABLE_MODULES = YES;
				CLANG_ENABLE_OBJC_ARC = YES;
				CLANG_ENABLE_OBJC_WEAK = YES;
				CLANG_WARN_BLOCK_CAPTURE_AUTORELEASING = YES;
				CLANG_WARN_BOOL_CONVERSION = YES;
				CLANG_WARN_COMMA = YES;
				CLANG_WARN_CONSTANT_CONVERSION = YES;
				CLANG_WARN_DEPRECATED_OBJC_IMPLEMENTATIONS = YES;
				CLANG_WARN_DIRECT_OBJC_ISA_USAGE = YES_ERROR;
				CLANG_WARN_DOCUMENTATION_COMMENTS = YES;
				CLANG_WARN_EMPTY_BODY = YES;
				CLANG_WARN_ENUM_CONVERSION = YES;
				CLANG_WARN_INFINITE_RECURSION = YES;
				CLANG_WARN_INT_CONVERSION = YES;
				CLANG_WARN_NON_LITERAL_NULL_CONVERSION = YES;
				CLANG_WARN_OBJC_IMPLICIT_RETAIN_SELF = YES;
				CLANG_WARN_OBJC_LITERAL_CONVERSION = YES;
				CLANG_WARN_OBJC_ROOT_CLASS = YES_ERROR;
				CLANG_WARN_RANGE_LOOP_ANALYSIS = YES;
				CLANG_WARN_STRICT_PROTOTYPES = YES;
				CLANG_WARN_SUSPICIOUS_MOVE = YES;
				CLANG_WARN_UNGUARDED_AVAILABILITY = YES_AGGRESSIVE;
				CLANG_WARN_UNREACHABLE_CODE = YES;
				CLANG_WARN__DUPLICATE_METHOD_MATCH = YES;
				COPY_PHASE_STRIP = NO;
				DEBUG_INFORMATION_FORMAT = dwarf;
				ENABLE_STRICT_OBJC_MSGSEND = YES;
				ENABLE_TESTABILITY = YES;
				GCC_C_LANGUAGE_STANDARD = gnu11;
				GCC_DYNAMIC_NO_PIC = NO;
				GCC_NO_COMMON_BLOCKS = YES;
				GCC_OPTIMIZATION_LEVEL = 0;
				GCC_PREPROCESSOR_DEFINITIONS = (
					"DEBUG=1",
					"$(inherited)",
				);
				GCC_WARN_64_TO_32_BIT_CONVERSION = YES;
				GCC_WARN_ABOUT_RETURN_TYPE = YES_ERROR;
				GCC_WARN_UNDECLARED_SELECTOR = YES;
				GCC_WARN_UNINITIALIZED_AUTOS = YES_AGGRESSIVE;
				GCC_WARN_UNUSED_FUNCTION = YES;
				GCC_WARN_UNUSED_VARIABLE = YES;
				IPHONEOS_DEPLOYMENT_TARGET = 13.2;
				MTL_ENABLE_DEBUG_INFO = INCLUDE_SOURCE;
				MTL_FAST_MATH = YES;
				ONLY_ACTIVE_ARCH = YES;
				SDKROOT = iphoneos;
				SWIFT_ACTIVE_COMPILATION_CONDITIONS = DEBUG;
				SWIFT_OPTIMIZATION_LEVEL = "-Onone";
				TARGETED_DEVICE_FAMILY = 2;
			};
			name = Debug;
		};
		F4CFE324245EBAB500026677 /* Release */ = {
			isa = XCBuildConfiguration;
			buildSettings = {
				ALWAYS_SEARCH_USER_PATHS = NO;
				CLANG_ANALYZER_NONNULL = YES;
				CLANG_ANALYZER_NUMBER_OBJECT_CONVERSION = YES_AGGRESSIVE;
				CLANG_CXX_LANGUAGE_STANDARD = "gnu++14";
				CLANG_CXX_LIBRARY = "libc++";
				CLANG_ENABLE_MODULES = YES;
				CLANG_ENABLE_OBJC_ARC = YES;
				CLANG_ENABLE_OBJC_WEAK = YES;
				CLANG_WARN_BLOCK_CAPTURE_AUTORELEASING = YES;
				CLANG_WARN_BOOL_CONVERSION = YES;
				CLANG_WARN_COMMA = YES;
				CLANG_WARN_CONSTANT_CONVERSION = YES;
				CLANG_WARN_DEPRECATED_OBJC_IMPLEMENTATIONS = YES;
				CLANG_WARN_DIRECT_OBJC_ISA_USAGE = YES_ERROR;
				CLANG_WARN_DOCUMENTATION_COMMENTS = YES;
				CLANG_WARN_EMPTY_BODY = YES;
				CLANG_WARN_ENUM_CONVERSION = YES;
				CLANG_WARN_INFINITE_RECURSION = YES;
				CLANG_WARN_INT_CONVERSION = YES;
				CLANG_WARN_NON_LITERAL_NULL_CONVERSION = YES;
				CLANG_WARN_OBJC_IMPLICIT_RETAIN_SELF = YES;
				CLANG_WARN_OBJC_LITERAL_CONVERSION = YES;
				CLANG_WARN_OBJC_ROOT_CLASS = YES_ERROR;
				CLANG_WARN_RANGE_LOOP_ANALYSIS = YES;
				CLANG_WARN_STRICT_PROTOTYPES = YES;
				CLANG_WARN_SUSPICIOUS_MOVE = YES;
				CLANG_WARN_UNGUARDED_AVAILABILITY = YES_AGGRESSIVE;
				CLANG_WARN_UNREACHABLE_CODE = YES;
				CLANG_WARN__DUPLICATE_METHOD_MATCH = YES;
				COPY_PHASE_STRIP = NO;
				DEBUG_INFORMATION_FORMAT = "dwarf-with-dsym";
				ENABLE_NS_ASSERTIONS = NO;
				ENABLE_STRICT_OBJC_MSGSEND = YES;
				GCC_C_LANGUAGE_STANDARD = gnu11;
				GCC_NO_COMMON_BLOCKS = YES;
				GCC_WARN_64_TO_32_BIT_CONVERSION = YES;
				GCC_WARN_ABOUT_RETURN_TYPE = YES_ERROR;
				GCC_WARN_UNDECLARED_SELECTOR = YES;
				GCC_WARN_UNINITIALIZED_AUTOS = YES_AGGRESSIVE;
				GCC_WARN_UNUSED_FUNCTION = YES;
				GCC_WARN_UNUSED_VARIABLE = YES;
				IPHONEOS_DEPLOYMENT_TARGET = 13.2;
				MTL_ENABLE_DEBUG_INFO = NO;
				MTL_FAST_MATH = YES;
				SDKROOT = iphoneos;
				SWIFT_COMPILATION_MODE = wholemodule;
				SWIFT_OPTIMIZATION_LEVEL = "-O";
				TARGETED_DEVICE_FAMILY = 2;
				VALIDATE_PRODUCT = YES;
			};
			name = Release;
		};
		F4CFE326245EBAB500026677 /* Debug */ = {
			isa = XCBuildConfiguration;
			buildSettings = {
				ASSETCATALOG_COMPILER_APPICON_NAME = AppIcon;
				CODE_SIGN_STYLE = Automatic;
				DEVELOPMENT_TEAM = 829RQCZ275;
				INFOPLIST_FILE = "Apple Pie/Info.plist";
				LD_RUNPATH_SEARCH_PATHS = (
					"$(inherited)",
					"@executable_path/Frameworks",
				);
				PRODUCT_BUNDLE_IDENTIFIER = "com.vidishanevatia.Apple-Pie";
				PRODUCT_NAME = "$(TARGET_NAME)";
				SWIFT_VERSION = 5.0;
				TARGETED_DEVICE_FAMILY = 2;
			};
			name = Debug;
		};
		F4CFE327245EBAB500026677 /* Release */ = {
			isa = XCBuildConfiguration;
			buildSettings = {
				ASSETCATALOG_COMPILER_APPICON_NAME = AppIcon;
				CODE_SIGN_STYLE = Automatic;
				DEVELOPMENT_TEAM = 829RQCZ275;
				INFOPLIST_FILE = "Apple Pie/Info.plist";
				LD_RUNPATH_SEARCH_PATHS = (
					"$(inherited)",
					"@executable_path/Frameworks",
				);
				PRODUCT_BUNDLE_IDENTIFIER = "com.vidishanevatia.Apple-Pie";
				PRODUCT_NAME = "$(TARGET_NAME)";
				SWIFT_VERSION = 5.0;
				TARGETED_DEVICE_FAMILY = 2;
			};
			name = Release;
		};
		F4CFE329245EBAB500026677 /* Debug */ = {
			isa = XCBuildConfiguration;
			buildSettings = {
				ALWAYS_EMBED_SWIFT_STANDARD_LIBRARIES = YES;
				BUNDLE_LOADER = "$(TEST_HOST)";
				CODE_SIGN_STYLE = Automatic;
				DEVELOPMENT_TEAM = 829RQCZ275;
				INFOPLIST_FILE = "Apple PieTests/Info.plist";
				IPHONEOS_DEPLOYMENT_TARGET = 13.2;
				LD_RUNPATH_SEARCH_PATHS = (
					"$(inherited)",
					"@executable_path/Frameworks",
					"@loader_path/Frameworks",
				);
				PRODUCT_BUNDLE_IDENTIFIER = "com.vidishanevatia.Apple-PieTests";
				PRODUCT_NAME = "$(TARGET_NAME)";
				SWIFT_VERSION = 5.0;
				TARGETED_DEVICE_FAMILY = "1,2";
				TEST_HOST = "$(BUILT_PRODUCTS_DIR)/Apple Pie.app/Apple Pie";
			};
			name = Debug;
		};
		F4CFE32A245EBAB500026677 /* Release */ = {
			isa = XCBuildConfiguration;
			buildSettings = {
				ALWAYS_EMBED_SWIFT_STANDARD_LIBRARIES = YES;
				BUNDLE_LOADER = "$(TEST_HOST)";
				CODE_SIGN_STYLE = Automatic;
				DEVELOPMENT_TEAM = 829RQCZ275;
				INFOPLIST_FILE = "Apple PieTests/Info.plist";
				IPHONEOS_DEPLOYMENT_TARGET = 13.2;
				LD_RUNPATH_SEARCH_PATHS = (
					"$(inherited)",
					"@executable_path/Frameworks",
					"@loader_path/Frameworks",
				);
				PRODUCT_BUNDLE_IDENTIFIER = "com.vidishanevatia.Apple-PieTests";
				PRODUCT_NAME = "$(TARGET_NAME)";
				SWIFT_VERSION = 5.0;
				TARGETED_DEVICE_FAMILY = "1,2";
				TEST_HOST = "$(BUILT_PRODUCTS_DIR)/Apple Pie.app/Apple Pie";
			};
			name = Release;
		};
		F4CFE32C245EBAB500026677 /* Debug */ = {
			isa = XCBuildConfiguration;
			buildSettings = {
				ALWAYS_EMBED_SWIFT_STANDARD_LIBRARIES = YES;
				CODE_SIGN_STYLE = Automatic;
				DEVELOPMENT_TEAM = 829RQCZ275;
				INFOPLIST_FILE = "Apple PieUITests/Info.plist";
				LD_RUNPATH_SEARCH_PATHS = (
					"$(inherited)",
					"@executable_path/Frameworks",
					"@loader_path/Frameworks",
				);
				PRODUCT_BUNDLE_IDENTIFIER = "com.vidishanevatia.Apple-PieUITests";
				PRODUCT_NAME = "$(TARGET_NAME)";
				SWIFT_VERSION = 5.0;
				TARGETED_DEVICE_FAMILY = "1,2";
				TEST_TARGET_NAME = "Apple Pie";
			};
			name = Debug;
		};
		F4CFE32D245EBAB500026677 /* Release */ = {
			isa = XCBuildConfiguration;
			buildSettings = {
				ALWAYS_EMBED_SWIFT_STANDARD_LIBRARIES = YES;
				CODE_SIGN_STYLE = Automatic;
				DEVELOPMENT_TEAM = 829RQCZ275;
				INFOPLIST_FILE = "Apple PieUITests/Info.plist";
				LD_RUNPATH_SEARCH_PATHS = (
					"$(inherited)",
					"@executable_path/Frameworks",
					"@loader_path/Frameworks",
				);
				PRODUCT_BUNDLE_IDENTIFIER = "com.vidishanevatia.Apple-PieUITests";
				PRODUCT_NAME = "$(TARGET_NAME)";
				SWIFT_VERSION = 5.0;
				TARGETED_DEVICE_FAMILY = "1,2";
				TEST_TARGET_NAME = "Apple Pie";
			};
			name = Release;
		};
/* End XCBuildConfiguration section */

/* Begin XCConfigurationList section */
		F4CFE2F6245EBAB100026677 /* Build configuration list for PBXProject "Apple Pie" */ = {
			isa = XCConfigurationList;
			buildConfigurations = (
				F4CFE323245EBAB500026677 /* Debug */,
				F4CFE324245EBAB500026677 /* Release */,
			);
			defaultConfigurationIsVisible = 0;
			defaultConfigurationName = Release;
		};
		F4CFE325245EBAB500026677 /* Build configuration list for PBXNativeTarget "Apple Pie" */ = {
			isa = XCConfigurationList;
			buildConfigurations = (
				F4CFE326245EBAB500026677 /* Debug */,
				F4CFE327245EBAB500026677 /* Release */,
			);
			defaultConfigurationIsVisible = 0;
			defaultConfigurationName = Release;
		};
		F4CFE328245EBAB500026677 /* Build configuration list for PBXNativeTarget "Apple PieTests" */ = {
			isa = XCConfigurationList;
			buildConfigurations = (
				F4CFE329245EBAB500026677 /* Debug */,
				F4CFE32A245EBAB500026677 /* Release */,
			);
			defaultConfigurationIsVisible = 0;
			defaultConfigurationName = Release;
		};
		F4CFE32B245EBAB500026677 /* Build configuration list for PBXNativeTarget "Apple PieUITests" */ = {
			isa = XCConfigurationList;
			buildConfigurations = (
				F4CFE32C245EBAB500026677 /* Debug */,
				F4CFE32D245EBAB500026677 /* Release */,
			);
			defaultConfigurationIsVisible = 0;
			defaultConfigurationName = Release;
		};
/* End XCConfigurationList section */
	};
	rootObject = F4CFE2F3245EBAB100026677 /* Project object */;
}
